
Microsoft Visual Studio Solution File, Format Version 12.00
# Visual Studio Version 16
VisualStudioVersion = 16.0.31112.23
MinimumVisualStudioVersion = 10.0.40219.1
Project("{FAE04EC0-301F-11D3-BF4B-00C04F79EFBC}") = "CodeKPDL", "CodeKPDL\CodeKPDL.csproj", "{44123766-9E9A-45F5-9FD5-C2F0DD3111EC}"
EndProject
Global
	GlobalSection(SolutionConfigurationPlatforms) = preSolution
		Debug|Any CPU = Debug|Any CPU
		Release|Any CPU = Release|Any CPU
	EndGlobalSection
	GlobalSection(ProjectConfigurationPlatforms) = postSolution
		{44123766-9E9A-45F5-9FD5-C2F0DD3111EC}.Debug|Any CPU.ActiveCfg = Debug|Any CPU
		{44123766-9E9A-45F5-9FD5-C2F0DD3111EC}.Debug|Any CPU.Build.0 = Debug|Any CPU
		{44123766-9E9A-45F5-9FD5-C2F0DD3111EC}.Release|Any CPU.ActiveCfg = Release|Any CPU
		{44123766-9E9A-45F5-9FD5-C2F0DD3111EC}.Release|Any CPU.Build.0 = Release|Any CPU
	EndGlobalSection
	GlobalSection(SolutionProperties) = preSolution
		HideSolutionNode = FALSE
	EndGlobalSection
	GlobalSection(ExtensibilityGlobals) = postSolution
		SolutionGuid = {8B219871-0890-4FCA-97D8-DA9B01A67F17}
	EndGlobalSection
EndGlobal
